
Microsoft Visual Studio Solution File, Format Version 12.00
# Visual Studio Version 17
VisualStudioVersion = 17.0.32112.339
MinimumVisualStudioVersion = 10.0.40219.1
Project("{9A19103F-16F7-4668-BE54-9A1E7A4F7556}") = "ProductAPI", "ProductAPI\ProductAPI.csproj", "{998CD18D-E913-4817-AFEB-3F081CA28E08}"
EndProject
Project("{9A19103F-16F7-4668-BE54-9A1E7A4F7556}") = "ProductAPI.Entities", "ProductAPI.Entities\ProductAPI.Entities.csproj", "{0DF6E960-90D5-4078-814D-6AF2DB8D16E6}"
EndProject
Project("{FAE04EC0-301F-11D3-BF4B-00C04F79EFBC}") = "ProductAPI.Services", "ProductAPI.Services\ProductAPI.Services.csproj", "{69F255D8-F505-4D9A-B407-73CD156C7C12}"
EndProject
Project("{FAE04EC0-301F-11D3-BF4B-00C04F79EFBC}") = "ProductAPI.Repository", "ProductAPI.Repository\ProductAPI.Repository.csproj", "{75E560F2-FC8A-4A67-9402-470AA48D3616}"
EndProject
Global
	GlobalSection(SolutionConfigurationPlatforms) = preSolution
		Debug|Any CPU = Debug|Any CPU
		Release|Any CPU = Release|Any CPU
	EndGlobalSection
	GlobalSection(ProjectConfigurationPlatforms) = postSolution
		{998CD18D-E913-4817-AFEB-3F081CA28E08}.Debug|Any CPU.ActiveCfg = Debug|Any CPU
		{998CD18D-E913-4817-AFEB-3F081CA28E08}.Debug|Any CPU.Build.0 = Debug|Any CPU
		{998CD18D-E913-4817-AFEB-3F081CA28E08}.Release|Any CPU.ActiveCfg = Release|Any CPU
		{998CD18D-E913-4817-AFEB-3F081CA28E08}.Release|Any CPU.Build.0 = Release|Any CPU
		{0DF6E960-90D5-4078-814D-6AF2DB8D16E6}.Debug|Any CPU.ActiveCfg = Debug|Any CPU
		{0DF6E960-90D5-4078-814D-6AF2DB8D16E6}.Debug|Any CPU.Build.0 = Debug|Any CPU
		{0DF6E960-90D5-4078-814D-6AF2DB8D16E6}.Release|Any CPU.ActiveCfg = Release|Any CPU
		{0DF6E960-90D5-4078-814D-6AF2DB8D16E6}.Release|Any CPU.Build.0 = Release|Any CPU
		{69F255D8-F505-4D9A-B407-73CD156C7C12}.Debug|Any CPU.ActiveCfg = Debug|Any CPU
		{69F255D8-F505-4D9A-B407-73CD156C7C12}.Debug|Any CPU.Build.0 = Debug|Any CPU
		{69F255D8-F505-4D9A-B407-73CD156C7C12}.Release|Any CPU.ActiveCfg = Release|Any CPU
		{69F255D8-F505-4D9A-B407-73CD156C7C12}.Release|Any CPU.Build.0 = Release|Any CPU
		{75E560F2-FC8A-4A67-9402-470AA48D3616}.Debug|Any CPU.ActiveCfg = Debug|Any CPU
		{75E560F2-FC8A-4A67-9402-470AA48D3616}.Debug|Any CPU.Build.0 = Debug|Any CPU
		{75E560F2-FC8A-4A67-9402-470AA48D3616}.Release|Any CPU.ActiveCfg = Release|Any CPU
		{75E560F2-FC8A-4A67-9402-470AA48D3616}.Release|Any CPU.Build.0 = Release|Any CPU
	EndGlobalSection
	GlobalSection(SolutionProperties) = preSolution
		HideSolutionNode = FALSE
	EndGlobalSection
	GlobalSection(ExtensibilityGlobals) = postSolution
		SolutionGuid = {E6D09C88-0DF4-4362-A7C1-BA75894A53F7}
	EndGlobalSection
EndGlobal
